<?xml version="1.0" encoding="utf-8"?>
<Project ToolsVersion="4.0" xmlns="http://schemas.microsoft.com/developer/msbuild/2003">
  <ItemGroup>
    <Filter Include="Source Files">
      <UniqueIdentifier>{4FC737F1-C7A5-4376-A066-2A32D752A2FF}</UniqueIdentifier>
      <Extensions>cpp;c;cc;cxx;def;odl;idl;hpj;bat;asm;asmx</Extensions>
    </Filter>
    <Filter Include="Header Files">
      <UniqueIdentifier>{93995380-89BD-4b04-88EB-625FBE52EBFB}</UniqueIdentifier>
      <Extensions>h;hh;hpp;hxx;hm;inl;inc;ipp;xsd</Extensions>
    </Filter>
    <Filter Include="Resource Files">
      <UniqueIdentifier>{67DA6AB6-F800-4c08-8B7A-83BB121AAD01}</UniqueIdentifier>
      <Extensions>rc;ico;cur;bmp;dlg;rc2;rct;bin;rgs;gif;jpg;jpeg;jpe;resx;tiff;tif;png;wav;mfcribbon-ms</Extensions>
    </Filter>
    <Filter Include="Header Files\States">
      <UniqueIdentifier>{8fadce1f-1bd9-4377-919c-f30ea9e83e38}</UniqueIdentifier>
    </Filter>
    <Filter Include="Header Files\States\Menu">
      <UniqueIdentifier>{81fc9301-e122-48e5-b670-0e9425dbc879}</UniqueIdentifier>
    </Filter>
    <Filter Include="Header Files\Object">
      <UniqueIdentifier>{c4387900-4f37-4219-9531-bc06fa8b52ed}</UniqueIdentifier>
    </Filter>
    <Filter Include="Header Files\Object\Dynamic">
      <UniqueIdentifier>{f59f6b1c-03f7-4ade-b291-cce939f3cc95}</UniqueIdentifier>
    </Filter>
    <Filter Include="Header Files\Object\Static">
      <UniqueIdentifier>{fad968f1-e64d-408a-aa07-527e4ab3f176}</UniqueIdentifier>
    </Filter>
    <Filter Include="Header Files\Object\Static\Obstacle">
      <UniqueIdentifier>{a3481610-2d3f-4d9e-b09f-db8269f949ef}</UniqueIdentifier>
    </Filter>
    <Filter Include="Header Files\Object\Static\Pickup">
      <UniqueIdentifier>{1dc2541e-3c53-4bd1-9a51-1f9f76e1a8f0}</UniqueIdentifier>
    </Filter>
    <Filter Include="Header Files\Object\Static\Pickup\Potion">
      <UniqueIdentifier>{6dc895fe-5358-4616-b87a-4a9a6c81aad9}</UniqueIdentifier>
    </Filter>
    <Filter Include="Header Files\Object\Static\Pickup\Treasure">
      <UniqueIdentifier>{e1ddc54a-f440-422a-90c0-66507af365bc}</UniqueIdentifier>
    </Filter>
    <Filter Include="Header Files\Object\Dynamic\Shots">
      <UniqueIdentifier>{f7cb58ac-58a5-4c05-bf43-aa95e848ab6e}</UniqueIdentifier>
    </Filter>
    <Filter Include="Header Files\Object\Dynamic\Enemy">
      <UniqueIdentifier>{5dfc8079-b436-4aee-97dd-75c265455487}</UniqueIdentifier>
    </Filter>
    <Filter Include="Header Files\Object\Dynamic\Shots\Bullets">
      <UniqueIdentifier>{51effc0f-76d5-48fd-8e72-448dd3e6a7b5}</UniqueIdentifier>
    </Filter>
    <Filter Include="Header Files\States\Game">
      <UniqueIdentifier>{40de3779-ae87-429a-9871-c687712c5887}</UniqueIdentifier>
    </Filter>
  </ItemGroup>
  <ItemGroup>
    <Font Include="ALGER.TTF" />
  </ItemGroup>
  <ItemGroup>
    <ClInclude Include="AssetIDs.h">
      <Filter>Header Files</Filter>
    </ClInclude>
    <ClInclude Include="AssetManager.h">
      <Filter>Header Files</Filter>
    </ClInclude>
    <ClInclude Include="Constants.h">
      <Filter>Header Files</Filter>
    </ClInclude>
    <ClInclude Include="EndState.h">
      <Filter>Header Files</Filter>
    </ClInclude>
    <ClInclude Include="GameClock.h">
      <Filter>Header Files</Filter>
    </ClInclude>
    <ClInclude Include="GameManager.h">
      <Filter>Header Files</Filter>
    </ClInclude>
    <ClInclude Include="MenuButton.h">
      <Filter>Header Files</Filter>
    </ClInclude>
    <ClInclude Include="Potion.h">
      <Filter>Header Files</Filter>
    </ClInclude>
    <ClInclude Include="Source.h">
      <Filter>Header Files</Filter>
    </ClInclude>
    <ClInclude Include="SpawnManager.h">
      <Filter>Header Files</Filter>
    </ClInclude>
    <ClInclude Include="Treasure.h">
      <Filter>Header Files</Filter>
    </ClInclude>
    <ClInclude Include="Command.h">
      <Filter>Header Files</Filter>
    </ClInclude>
    <ClInclude Include="CollisionManager.h">
      <Filter>Header Files</Filter>
    </ClInclude>
    <ClInclude Include="StatusBar.h">
      <Filter>Header Files</Filter>
    </ClInclude>
    <ClInclude Include="StatusBar.h">
      <Filter>Header Files</Filter>
    </ClInclude>
    <ClInclude Include="StatusBar.h">
      <Filter>Header Files</Filter>
    </ClInclude>
    <ClInclude Include="EnemyState.h">
      <Filter>Header Files\States\Game</Filter>
    </ClInclude>
    <ClInclude Include="PlayState.h">
      <Filter>Header Files\States\Game</Filter>
    </ClInclude>
    <ClInclude Include="PlayerState.h">
      <Filter>Header Files\States\Game</Filter>
    </ClInclude>
    <ClInclude Include="GameState.h">
      <Filter>Header Files\States\Game</Filter>
    </ClInclude>
    <ClInclude Include="IntroState.h">
      <Filter>Header Files\States\Menu</Filter>
    </ClInclude>
    <ClInclude Include="MenuState.h">
      <Filter>Header Files\States\Menu</Filter>
    </ClInclude>
    <ClInclude Include="PauseState.h">
      <Filter>Header Files\States\Menu</Filter>
    </ClInclude>
    <ClInclude Include="RankState.h">
      <Filter>Header Files\States\Menu</Filter>
    </ClInclude>
    <ClInclude Include="Object.h">
      <Filter>Header Files\Object</Filter>
    </ClInclude>
    <ClInclude Include="DynamicObject.h">
      <Filter>Header Files\Object\Dynamic</Filter>
    </ClInclude>
    <ClInclude Include="StaticObject.h">
      <Filter>Header Files\Object\Static</Filter>
    </ClInclude>
    <ClInclude Include="emptyHelper.h">
      <Filter>Header Files\Object\Static</Filter>
    </ClInclude>
    <ClInclude Include="Tile.h">
      <Filter>Header Files\Object\Static</Filter>
    </ClInclude>
    <ClInclude Include="WallTile.h">
      <Filter>Header Files\Object\Static</Filter>
    </ClInclude>
    <ClInclude Include="Wall.h">
      <Filter>Header Files\Object\Static</Filter>
    </ClInclude>
    <ClInclude Include="Ladder.h">
      <Filter>Header Files\Object\Static</Filter>
    </ClInclude>
    <ClInclude Include="Obstacle.h">
      <Filter>Header Files\Object\Static\Obstacle</Filter>
    </ClInclude>
    <ClInclude Include="BreakableTile.h">
      <Filter>Header Files\Object\Static\Obstacle</Filter>
    </ClInclude>
    <ClInclude Include="Spkies.h">
      <Filter>Header Files\Object\Static\Obstacle</Filter>
    </ClInclude>
    <ClInclude Include="Fire.h">
      <Filter>Header Files\Object\Static\Obstacle</Filter>
    </ClInclude>
    <ClInclude Include="Pickup.h">
      <Filter>Header Files\Object\Static\Pickup</Filter>
    </ClInclude>
    <ClInclude Include="HealthPotion.h">
      <Filter>Header Files\Object\Static\Pickup\Potion</Filter>
    </ClInclude>
    <ClInclude Include="Coins.h">
      <Filter>Header Files\Object\Static\Pickup\Treasure</Filter>
    </ClInclude>
    <ClInclude Include="Token.h">
      <Filter>Header Files\Object\Static\Pickup\Treasure</Filter>
    </ClInclude>
    <ClInclude Include="Player.h">
      <Filter>Header Files\Object\Dynamic</Filter>
    </ClInclude>
    <ClInclude Include="Enemy.h">
      <Filter>Header Files\Object\Dynamic\Enemy</Filter>
    </ClInclude>
    <ClInclude Include="Shots.h">
      <Filter>Header Files\Object\Dynamic\Shots</Filter>
    </ClInclude>
    <ClInclude Include="SpecialSword.h">
      <Filter>Header Files\Object\Dynamic\Shots</Filter>
    </ClInclude>
    <ClInclude Include="RegEnemy.h">
      <Filter>Header Files\Object\Dynamic\Enemy</Filter>
    </ClInclude>
    <ClInclude Include="SmartEnemy.h">
      <Filter>Header Files\Object\Dynamic\Enemy</Filter>
    </ClInclude>
    <ClInclude Include="TNT.h">
      <Filter>Header Files\Object\Dynamic\Shots</Filter>
    </ClInclude>
    <ClInclude Include="Bullets.h">
      <Filter>Header Files\Object\Dynamic\Shots\Bullets</Filter>
    </ClInclude>
    <ClInclude Include="EnemyBullet.h">
      <Filter>Header Files\Object\Dynamic\Shots\Bullets</Filter>
    </ClInclude>
    <ClInclude Include="PlayerBullet.h">
      <Filter>Header Files\Object\Dynamic\Shots\Bullets</Filter>
    </ClInclude>
  </ItemGroup>
  <ItemGroup>
    <ClCompile Include="BreakableTile.cpp">
      <Filter>Source Files</Filter>
    </ClCompile>
    <ClCompile Include="Bullets.cpp">
      <Filter>Source Files</Filter>
    </ClCompile>
    <ClCompile Include="Coins.cpp">
      <Filter>Source Files</Filter>
    </ClCompile>
    <ClCompile Include="DynamicObject.cpp">
      <Filter>Source Files</Filter>
    </ClCompile>
    <ClCompile Include="EndState.cpp">
      <Filter>Source Files</Filter>
    </ClCompile>
    <ClCompile Include="Enemy.cpp">
      <Filter>Source Files</Filter>
    </ClCompile>
    <ClCompile Include="EnemyBullet.cpp">
      <Filter>Source Files</Filter>
    </ClCompile>
    <ClCompile Include="Fire.cpp">
      <Filter>Source Files</Filter>
    </ClCompile>
    <ClCompile Include="GameClock.cpp">
      <Filter>Source Files</Filter>
    </ClCompile>
    <ClCompile Include="GameManager.cpp">
      <Filter>Source Files</Filter>
    </ClCompile>
    <ClCompile Include="GameState.cpp">
      <Filter>Source Files</Filter>
    </ClCompile>
    <ClCompile Include="HealthPotion.cpp">
      <Filter>Source Files</Filter>
    </ClCompile>
    <ClCompile Include="main.cpp">
      <Filter>Source Files</Filter>
    </ClCompile>
    <ClCompile Include="MenuState.cpp">
      <Filter>Source Files</Filter>
    </ClCompile>
    <ClCompile Include="Object.cpp">
      <Filter>Source Files</Filter>
    </ClCompile>
    <ClCompile Include="Obstacle.cpp">
      <Filter>Source Files</Filter>
    </ClCompile>
    <ClCompile Include="PauseState.cpp">
      <Filter>Source Files</Filter>
    </ClCompile>
    <ClCompile Include="Pickup.cpp">
      <Filter>Source Files</Filter>
    </ClCompile>
    <ClCompile Include="Player.cpp">
      <Filter>Source Files</Filter>
    </ClCompile>
    <ClCompile Include="PlayerBullet.cpp">
      <Filter>Source Files</Filter>
    </ClCompile>
    <ClCompile Include="PlayState.cpp">
      <Filter>Source Files</Filter>
    </ClCompile>
    <ClCompile Include="Potion.cpp">
      <Filter>Source Files</Filter>
    </ClCompile>
    <ClCompile Include="RankState.cpp">
      <Filter>Source Files</Filter>
    </ClCompile>
    <ClCompile Include="RegEnemy.cpp">
      <Filter>Source Files</Filter>
    </ClCompile>
    <ClCompile Include="Shots.cpp">
      <Filter>Source Files</Filter>
    </ClCompile>
    <ClCompile Include="SmartEnemy.cpp">
      <Filter>Source Files</Filter>
    </ClCompile>
    <ClCompile Include="Source.cpp">
      <Filter>Source Files</Filter>
    </ClCompile>
    <ClCompile Include="SpecialSword.cpp">
      <Filter>Source Files</Filter>
    </ClCompile>
    <ClCompile Include="Spkies.cpp">
      <Filter>Source Files</Filter>
    </ClCompile>
    <ClCompile Include="StaticObject.cpp">
      <Filter>Source Files</Filter>
    </ClCompile>
    <ClCompile Include="Tile.cpp">
      <Filter>Source Files</Filter>
    </ClCompile>
    <ClCompile Include="TNT.cpp">
      <Filter>Source Files</Filter>
    </ClCompile>
    <ClCompile Include="Token.cpp">
      <Filter>Source Files</Filter>
    </ClCompile>
    <ClCompile Include="Treasure.cpp">
      <Filter>Source Files</Filter>
    </ClCompile>
    <ClCompile Include="IntroState.cpp">
      <Filter>Source Files</Filter>
    </ClCompile>
    <ClCompile Include="Wall.cpp">
      <Filter>Source Files</Filter>
    </ClCompile>
    <ClCompile Include="StatusBar.cpp">
      <Filter>Source Files</Filter>
    </ClCompile>
    <ClCompile Include="StatusBar.cpp">
      <Filter>Source Files</Filter>
    </ClCompile>
    <ClCompile Include="StatusBar.cpp">
      <Filter>Source Files</Filter>
    </ClCompile>
    <ClCompile Include="CollisionManager.cpp">
      <Filter>Source Files</Filter>
    </ClCompile>
    <ClCompile Include="Ladder.cpp">
      <Filter>Source Files</Filter>
    </ClCompile>
    <ClCompile Include="emptyHelper.cpp">
      <Filter>Source Files</Filter>
    </ClCompile>
    <ClCompile Include="WallTile.cpp">
      <Filter>Source Files</Filter>
    </ClCompile>
    <ClCompile Include="PlayerState.cpp">
      <Filter>Source Files</Filter>
    </ClCompile>
    <ClCompile Include="EnemyState.cpp">
      <Filter>Source Files</Filter>
    </ClCompile>
  </ItemGroup>
  <ItemGroup>
    <Text Include="levels.txt" />
  </ItemGroup>
  <ItemGroup>
    <None Include="ClassDiagram2.cd" />
  </ItemGroup>
</Project>